
Microsoft Visual Studio Solution File, Format Version 12.00
# Visual Studio Version 17
<<<<<<< HEAD
VisualStudioVersion = 17.12.35527.113
=======
VisualStudioVersion = 17.12.35527.113 d17.12
>>>>>>> 4699adf829762909310a3f40986b475ee78cc90b
MinimumVisualStudioVersion = 10.0.40219.1
Project("{FAE04EC0-301F-11D3-BF4B-00C04F79EFBC}") = "MauiApp3", "MauiApp3.csproj", "{F31C6758-CF0B-4FED-8848-95642CD0D740}"
EndProject
Global
	GlobalSection(SolutionConfigurationPlatforms) = preSolution
		Debug|Any CPU = Debug|Any CPU
		Release|Any CPU = Release|Any CPU
	EndGlobalSection
	GlobalSection(ProjectConfigurationPlatforms) = postSolution
		{F31C6758-CF0B-4FED-8848-95642CD0D740}.Debug|Any CPU.ActiveCfg = Debug|Any CPU
		{F31C6758-CF0B-4FED-8848-95642CD0D740}.Debug|Any CPU.Build.0 = Debug|Any CPU
		{F31C6758-CF0B-4FED-8848-95642CD0D740}.Release|Any CPU.ActiveCfg = Release|Any CPU
		{F31C6758-CF0B-4FED-8848-95642CD0D740}.Release|Any CPU.Build.0 = Release|Any CPU
	EndGlobalSection
	GlobalSection(SolutionProperties) = preSolution
		HideSolutionNode = FALSE
	EndGlobalSection
EndGlobal
